Microsoft Visual Studio Solution File, Format Version 12.00
# Visual Studio Version 17
VisualStudioVersion = 17.5.2.0
MinimumVisualStudioVersion = 10.0.40219.1
Project("{FAE04EC0-301F-11D3-BF4B-00C04F79EFBC}") = "Exercicos Udemy", "Exercicos Udemy.csproj", "{188B01F3-0AE8-D9B9-31A9-2B667E516194}"
EndProject
Global
	GlobalSection(SolutionConfigurationPlatforms) = preSolution
		Debug|Any CPU = Debug|Any CPU
		Release|Any CPU = Release|Any CPU
	EndGlobalSection
	GlobalSection(ProjectConfigurationPlatforms) = postSolution
		{188B01F3-0AE8-D9B9-31A9-2B667E516194}.Debug|Any CPU.ActiveCfg = Debug|Any CPU
		{188B01F3-0AE8-D9B9-31A9-2B667E516194}.Debug|Any CPU.Build.0 = Debug|Any CPU
		{188B01F3-0AE8-D9B9-31A9-2B667E516194}.Release|Any CPU.ActiveCfg = Release|Any CPU
		{188B01F3-0AE8-D9B9-31A9-2B667E516194}.Release|Any CPU.Build.0 = Release|Any CPU
	EndGlobalSection
	GlobalSection(SolutionProperties) = preSolution
		HideSolutionNode = FALSE
	EndGlobalSection
	GlobalSection(ExtensibilityGlobals) = postSolution
		SolutionGuid = {D7EB1934-8423-4793-9762-50ED434F0F00}
	EndGlobalSection
EndGlobal
